
Microsoft Visual Studio Solution File, Format Version 12.00
# Visual Studio Version 17
VisualStudioVersion = 17.0.31912.275
MinimumVisualStudioVersion = 10.0.40219.1
Project("{9A19103F-16F7-4668-BE54-9A1E7A4F7556}") = "Hathor.Api", "WebApi\Hathor.Api.csproj", "{053C3069-BDF9-40E2-A5F4-15C16CBA367E}"
EndProject
Project("{9A19103F-16F7-4668-BE54-9A1E7A4F7556}") = "Hathor.Api.Test", "WebApiTest\Hathor.Api.Test.csproj", "{97C5F23A-1710-4658-9718-73D92B13BF35}"
EndProject
Project("{2150E333-8FDC-42A3-9474-1A3956D46DE8}") = "Solution Items", "Solution Items", "{9B7F46E7-C7D7-4135-AC62-36D298648303}"
	ProjectSection(SolutionItems) = preProject
		.editorconfig = .editorconfig
	EndProjectSection
EndProject
Project("{9A19103F-16F7-4668-BE54-9A1E7A4F7556}") = "Hathor.Common", "HathorCommon\Hathor.Common.csproj", "{82481CF1-364B-47CB-B6A6-5FA148F23923}"
EndProject
Project("{9A19103F-16F7-4668-BE54-9A1E7A4F7556}") = "Hathor.Slider.App", "Hathor.Slider.App\Hathor.Slider.App.csproj", "{1603DDF0-7748-46A7-91DD-A55F2E099D78}"
EndProject
Project("{9A19103F-16F7-4668-BE54-9A1E7A4F7556}") = "Hathor.Slider.Lib", "Hathor.Slider.Lib\Hathor.Slider.Lib.csproj", "{3C79B7B1-BB66-4D9B-901A-9B01B2F06880}"
EndProject
Project("{9A19103F-16F7-4668-BE54-9A1E7A4F7556}") = "Hathor.Logicbox.App", "Hathor.Logicbox.App\Hathor.Logicbox.App.csproj", "{18B415F4-9CDD-4D14-AF89-5374570D36B8}"
EndProject
Project("{9A19103F-16F7-4668-BE54-9A1E7A4F7556}") = "Hathor.Logicbox.Lib", "Hathor.Logicbox.Lib\Hathor.Logicbox.Lib.csproj", "{EA743C94-2B58-4E7C-A8E5-B26B6D5C5EFF}"
EndProject
Project("{FAE04EC0-301F-11D3-BF4B-00C04F79EFBC}") = "Hathor.KeyFinder.Lib", "Hathor.KeyFinder.Lib\Hathor.KeyFinder.Lib.csproj", "{0D08C9B6-5187-4102-8A89-A30D054FDC73}"
EndProject
Global
	GlobalSection(SolutionConfigurationPlatforms) = preSolution
		Debug|Any CPU = Debug|Any CPU
		Release|Any CPU = Release|Any CPU
	EndGlobalSection
	GlobalSection(ProjectConfigurationPlatforms) = postSolution
		{053C3069-BDF9-40E2-A5F4-15C16CBA367E}.Debug|Any CPU.ActiveCfg = Debug|Any CPU
		{053C3069-BDF9-40E2-A5F4-15C16CBA367E}.Debug|Any CPU.Build.0 = Debug|Any CPU
		{053C3069-BDF9-40E2-A5F4-15C16CBA367E}.Release|Any CPU.ActiveCfg = Release|Any CPU
		{053C3069-BDF9-40E2-A5F4-15C16CBA367E}.Release|Any CPU.Build.0 = Release|Any CPU
		{97C5F23A-1710-4658-9718-73D92B13BF35}.Debug|Any CPU.ActiveCfg = Debug|Any CPU
		{97C5F23A-1710-4658-9718-73D92B13BF35}.Debug|Any CPU.Build.0 = Debug|Any CPU
		{97C5F23A-1710-4658-9718-73D92B13BF35}.Release|Any CPU.ActiveCfg = Release|Any CPU
		{97C5F23A-1710-4658-9718-73D92B13BF35}.Release|Any CPU.Build.0 = Release|Any CPU
		{82481CF1-364B-47CB-B6A6-5FA148F23923}.Debug|Any CPU.ActiveCfg = Debug|Any CPU
		{82481CF1-364B-47CB-B6A6-5FA148F23923}.Debug|Any CPU.Build.0 = Debug|Any CPU
		{82481CF1-364B-47CB-B6A6-5FA148F23923}.Release|Any CPU.ActiveCfg = Release|Any CPU
		{82481CF1-364B-47CB-B6A6-5FA148F23923}.Release|Any CPU.Build.0 = Release|Any CPU
		{1603DDF0-7748-46A7-91DD-A55F2E099D78}.Debug|Any CPU.ActiveCfg = Debug|Any CPU
		{1603DDF0-7748-46A7-91DD-A55F2E099D78}.Debug|Any CPU.Build.0 = Debug|Any CPU
		{1603DDF0-7748-46A7-91DD-A55F2E099D78}.Release|Any CPU.ActiveCfg = Release|Any CPU
		{1603DDF0-7748-46A7-91DD-A55F2E099D78}.Release|Any CPU.Build.0 = Release|Any CPU
		{3C79B7B1-BB66-4D9B-901A-9B01B2F06880}.Debug|Any CPU.ActiveCfg = Debug|Any CPU
		{3C79B7B1-BB66-4D9B-901A-9B01B2F06880}.Debug|Any CPU.Build.0 = Debug|Any CPU
		{3C79B7B1-BB66-4D9B-901A-9B01B2F06880}.Release|Any CPU.ActiveCfg = Release|Any CPU
		{3C79B7B1-BB66-4D9B-901A-9B01B2F06880}.Release|Any CPU.Build.0 = Release|Any CPU
		{18B415F4-9CDD-4D14-AF89-5374570D36B8}.Debug|Any CPU.ActiveCfg = Debug|Any CPU
		{18B415F4-9CDD-4D14-AF89-5374570D36B8}.Debug|Any CPU.Build.0 = Debug|Any CPU
		{18B415F4-9CDD-4D14-AF89-5374570D36B8}.Release|Any CPU.ActiveCfg = Release|Any CPU
		{18B415F4-9CDD-4D14-AF89-5374570D36B8}.Release|Any CPU.Build.0 = Release|Any CPU
		{EA743C94-2B58-4E7C-A8E5-B26B6D5C5EFF}.Debug|Any CPU.ActiveCfg = Debug|Any CPU
		{EA743C94-2B58-4E7C-A8E5-B26B6D5C5EFF}.Debug|Any CPU.Build.0 = Debug|Any CPU
		{EA743C94-2B58-4E7C-A8E5-B26B6D5C5EFF}.Release|Any CPU.ActiveCfg = Release|Any CPU
		{EA743C94-2B58-4E7C-A8E5-B26B6D5C5EFF}.Release|Any CPU.Build.0 = Release|Any CPU
		{0D08C9B6-5187-4102-8A89-A30D054FDC73}.Debug|Any CPU.ActiveCfg = Debug|Any CPU
		{0D08C9B6-5187-4102-8A89-A30D054FDC73}.Debug|Any CPU.Build.0 = Debug|Any CPU
		{0D08C9B6-5187-4102-8A89-A30D054FDC73}.Release|Any CPU.ActiveCfg = Release|Any CPU
		{0D08C9B6-5187-4102-8A89-A30D054FDC73}.Release|Any CPU.Build.0 = Release|Any CPU
	EndGlobalSection
	GlobalSection(SolutionProperties) = preSolution
		HideSolutionNode = FALSE
	EndGlobalSection
	GlobalSection(ExtensibilityGlobals) = postSolution
		SolutionGuid = {3C7874FB-0BC9-490B-AE69-8BDBEFBB1BA1}
	EndGlobalSection
EndGlobal
