
Microsoft Visual Studio Solution File, Format Version 12.00
# Visual Studio Version 17
VisualStudioVersion = 17.0.31912.275
MinimumVisualStudioVersion = 10.0.40219.1
Project("{9A19103F-16F7-4668-BE54-9A1E7A4F7556}") = "WebApi", "WebApi\WebApi.csproj", "{F1FA0689-8457-457B-A818-2A2E08219EBB}"
EndProject
Global
	GlobalSection(SolutionConfigurationPlatforms) = preSolution
		Debug|Any CPU = Debug|Any CPU
		Release|Any CPU = Release|Any CPU
	EndGlobalSection
	GlobalSection(ProjectConfigurationPlatforms) = postSolution
		{F1FA0689-8457-457B-A818-2A2E08219EBB}.Debug|Any CPU.ActiveCfg = Debug|Any CPU
		{F1FA0689-8457-457B-A818-2A2E08219EBB}.Debug|Any CPU.Build.0 = Debug|Any CPU
		{F1FA0689-8457-457B-A818-2A2E08219EBB}.Release|Any CPU.ActiveCfg = Release|Any CPU
		{F1FA0689-8457-457B-A818-2A2E08219EBB}.Release|Any CPU.Build.0 = Release|Any CPU
	EndGlobalSection
	GlobalSection(SolutionProperties) = preSolution
		HideSolutionNode = FALSE
	EndGlobalSection
	GlobalSection(ExtensibilityGlobals) = postSolution
		SolutionGuid = {3C7874FB-0BC9-490B-AE69-8BDBEFBB1BA1}
	EndGlobalSection
EndGlobal
